// !$*UTF8*$!
{
	archiveVersion = 1;
	classes = {
	};
	objectVersion = 48;
	objects = {

/* Begin PBXBuildFile section */
		154A18A91FE741C700F8A365 /* AppDelegate.swift in Sources */ = {isa = PBXBuildFile; fileRef = 154A18A81FE741C700F8A365 /* AppDelegate.swift */; };
		154A18AB1FE741C700F8A365 /* nearbyTrucksViewController.swift in Sources */ = {isa = PBXBuildFile; fileRef = 154A18AA1FE741C700F8A365 /* nearbyTrucksViewController.swift */; };
		154A18AE1FE741C700F8A365 /* Main.storyboard in Resources */ = {isa = PBXBuildFile; fileRef = 154A18AC1FE741C700F8A365 /* Main.storyboard */; };
		154A18B11FE741C700F8A365 /* truckApp.xcdatamodeld in Sources */ = {isa = PBXBuildFile; fileRef = 154A18AF1FE741C700F8A365 /* truckApp.xcdatamodeld */; };
		154A18B31FE741C700F8A365 /* Assets.xcassets in Resources */ = {isa = PBXBuildFile; fileRef = 154A18B21FE741C700F8A365 /* Assets.xcassets */; };
		154A18B61FE741C700F8A365 /* LaunchScreen.storyboard in Resources */ = {isa = PBXBuildFile; fileRef = 154A18B41FE741C700F8A365 /* LaunchScreen.storyboard */; };
		154A18C11FE741C800F8A365 /* truckAppTests.swift in Sources */ = {isa = PBXBuildFile; fileRef = 154A18C01FE741C800F8A365 /* truckAppTests.swift */; };
		154A18CC1FE741C800F8A365 /* truckAppUITests.swift in Sources */ = {isa = PBXBuildFile; fileRef = 154A18CB1FE741C800F8A365 /* truckAppUITests.swift */; };
		154A18DA1FE7540600F8A365 /* Truck.swift in Sources */ = {isa = PBXBuildFile; fileRef = 154A18D91FE7540600F8A365 /* Truck.swift */; };
		154A18DC1FE7540C00F8A365 /* User.swift in Sources */ = {isa = PBXBuildFile; fileRef = 154A18DB1FE7540C00F8A365 /* User.swift */; };
		154A18DE1FE75B7800F8A365 /* loginViewController.swift in Sources */ = {isa = PBXBuildFile; fileRef = 154A18DD1FE75B7800F8A365 /* loginViewController.swift */; };
		154A4DBF1FF30F4000CAD649 /* menu-truckMenuTableViewController.swift in Sources */ = {isa = PBXBuildFile; fileRef = 154A4DBE1FF30F4000CAD649 /* menu-truckMenuTableViewController.swift */; };
		154A4DC31FF3225F00CAD649 /* activity-activityViewController.swift in Sources */ = {isa = PBXBuildFile; fileRef = 154A4DC21FF3225F00CAD649 /* activity-activityViewController.swift */; };
		154A4DC51FF33BC300CAD649 /* activity-timeCell.swift in Sources */ = {isa = PBXBuildFile; fileRef = 154A4DC41FF33BC300CAD649 /* activity-timeCell.swift */; };
		154A4DC71FF3417200CAD649 /* activity-setClosingViewController.swift in Sources */ = {isa = PBXBuildFile; fileRef = 154A4DC61FF3417200CAD649 /* activity-setClosingViewController.swift */; };
		154A4DC91FF4374900CAD649 /* search-mainViewController.swift in Sources */ = {isa = PBXBuildFile; fileRef = 154A4DC81FF4374900CAD649 /* search-mainViewController.swift */; };
		157DACA11FEF17F00021312B /* menu-addItemViewController.swift in Sources */ = {isa = PBXBuildFile; fileRef = 157DACA01FEF17F00021312B /* menu-addItemViewController.swift */; };
		157DACE21FF02F330021312B /* Constants.swift in Sources */ = {isa = PBXBuildFile; fileRef = 157DACE11FF02F330021312B /* Constants.swift */; };
		1586907C1FE9CC87008E6686 /* Settings.bundle in Resources */ = {isa = PBXBuildFile; fileRef = 1586907B1FE9CC87008E6686 /* Settings.bundle */; };
		158690821FE9F2E1008E6686 /* facebook-icon-round.png in Resources */ = {isa = PBXBuildFile; fileRef = 1586907F1FE9F2E0008E6686 /* facebook-icon-round.png */; };
		158690831FE9F2E1008E6686 /* insta-icon-round.png in Resources */ = {isa = PBXBuildFile; fileRef = 158690801FE9F2E1008E6686 /* insta-icon-round.png */; };
		158690841FE9F2E1008E6686 /* twitter-icon-round.png in Resources */ = {isa = PBXBuildFile; fileRef = 158690811FE9F2E1008E6686 /* twitter-icon-round.png */; };
		158690861FE9F593008E6686 /* truckSettingsTableViewController.swift in Sources */ = {isa = PBXBuildFile; fileRef = 158690851FE9F593008E6686 /* truckSettingsTableViewController.swift */; };
		158690881FEA038F008E6686 /* settings-truckNameViewController.swift in Sources */ = {isa = PBXBuildFile; fileRef = 158690871FEA038F008E6686 /* settings-truckNameViewController.swift */; };
		1589AFB11FED81BB00BF74D4 /* settings.png in Resources */ = {isa = PBXBuildFile; fileRef = 1589AFA61FED81BA00BF74D4 /* settings.png */; };
		1589AFB21FED81BB00BF74D4 /* settings@2x.png in Resources */ = {isa = PBXBuildFile; fileRef = 1589AFA71FED81BA00BF74D4 /* settings@2x.png */; };
		1589AFB31FED81BB00BF74D4 /* settings@3x.png in Resources */ = {isa = PBXBuildFile; fileRef = 1589AFA81FED81BA00BF74D4 /* settings@3x.png */; };
		1589AFB41FED81BB00BF74D4 /* serving@2x.png in Resources */ = {isa = PBXBuildFile; fileRef = 1589AFAA1FED81BA00BF74D4 /* serving@2x.png */; };
		1589AFB51FED81BB00BF74D4 /* serving@3x.png in Resources */ = {isa = PBXBuildFile; fileRef = 1589AFAB1FED81BA00BF74D4 /* serving@3x.png */; };
		1589AFB61FED81BB00BF74D4 /* serving.png in Resources */ = {isa = PBXBuildFile; fileRef = 1589AFAC1FED81BA00BF74D4 /* serving.png */; };
		1589AFB71FED81BB00BF74D4 /* menu.png in Resources */ = {isa = PBXBuildFile; fileRef = 1589AFAE1FED81BB00BF74D4 /* menu.png */; };
		1589AFB81FED81BB00BF74D4 /* menu@2x.png in Resources */ = {isa = PBXBuildFile; fileRef = 1589AFAF1FED81BB00BF74D4 /* menu@2x.png */; };
		1589AFB91FED81BB00BF74D4 /* menu@3x.png in Resources */ = {isa = PBXBuildFile; fileRef = 1589AFB01FED81BB00BF74D4 /* menu@3x.png */; };
		1589AFBB1FEE172E00BF74D4 /* settings-truckWebsiteViewController.swift in Sources */ = {isa = PBXBuildFile; fileRef = 1589AFBA1FEE172E00BF74D4 /* settings-truckWebsiteViewController.swift */; };
		1589AFBD1FEE174200BF74D4 /* settings-truckPhoneViewController.swift in Sources */ = {isa = PBXBuildFile; fileRef = 1589AFBC1FEE174200BF74D4 /* settings-truckPhoneViewController.swift */; };
		1589AFBF1FEE175000BF74D4 /* settings-truckEmailViewController.swift in Sources */ = {isa = PBXBuildFile; fileRef = 1589AFBE1FEE175000BF74D4 /* settings-truckEmailViewController.swift */; };
		1589AFC11FEE177900BF74D4 /* settings-truckDescriptionViewController.swift in Sources */ = {isa = PBXBuildFile; fileRef = 1589AFC01FEE177900BF74D4 /* settings-truckDescriptionViewController.swift */; };
		15AD40991FE76ED300A9C78A /* truckLoginPartOne.swift in Sources */ = {isa = PBXBuildFile; fileRef = 15AD40981FE76ED300A9C78A /* truckLoginPartOne.swift */; };
		15AD409B1FE7714300A9C78A /* Utils.swift in Sources */ = {isa = PBXBuildFile; fileRef = 15AD409A1FE7714300A9C78A /* Utils.swift */; };
		15BA02751FF99D4D00FC88CF /* LocationService.swift in Sources */ = {isa = PBXBuildFile; fileRef = 15BA02741FF99D4D00FC88CF /* LocationService.swift */; };
		47F8E197277127A764161EEC /* Pods_truckApp.framework in Frameworks */ = {isa = PBXBuildFile; fileRef = BAED0E13C6CE598CC34CED9F /* Pods_truckApp.framework */; };
/* End PBXBuildFile section */

/* Begin PBXContainerItemProxy section */
		154A18BD1FE741C800F8A365 /* PBXContainerItemProxy */ = {
			isa = PBXContainerItemProxy;
			containerPortal = 154A189D1FE741C700F8A365 /* Project object */;
			proxyType = 1;
			remoteGlobalIDString = 154A18A41FE741C700F8A365;
			remoteInfo = truckApp;
		};
		154A18C81FE741C800F8A365 /* PBXContainerItemProxy */ = {
			isa = PBXContainerItemProxy;
			containerPortal = 154A189D1FE741C700F8A365 /* Project object */;
			proxyType = 1;
			remoteGlobalIDString = 154A18A41FE741C700F8A365;
			remoteInfo = truckApp;
		};
/* End PBXContainerItemProxy section */

/* Begin PBXFileReference section */
		154A18A51FE741C700F8A365 /* truckApp.app */ = {isa = PBXFileReference; explicitFileType = wrapper.application; includeInIndex = 0; path = truckApp.app; sourceTree = BUILT_PRODUCTS_DIR; };
		154A18A81FE741C700F8A365 /* AppDelegate.swift */ = {isa = PBXFileReference; lastKnownFileType = sourcecode.swift; path = AppDelegate.swift; sourceTree = "<group>"; };
		154A18AA1FE741C700F8A365 /* nearbyTrucksViewController.swift */ = {isa = PBXFileReference; lastKnownFileType = sourcecode.swift; path = nearbyTrucksViewController.swift; sourceTree = "<group>"; };
		154A18AD1FE741C700F8A365 /* Base */ = {isa = PBXFileReference; lastKnownFileType = file.storyboard; name = Base; path = Base.lproj/Main.storyboard; sourceTree = "<group>"; };
		154A18B01FE741C700F8A365 /* truckApp.xcdatamodel */ = {isa = PBXFileReference; lastKnownFileType = wrapper.xcdatamodel; path = truckApp.xcdatamodel; sourceTree = "<group>"; };
		154A18B21FE741C700F8A365 /* Assets.xcassets */ = {isa = PBXFileReference; lastKnownFileType = folder.assetcatalog; path = Assets.xcassets; sourceTree = "<group>"; };
		154A18B51FE741C700F8A365 /* Base */ = {isa = PBXFileReference; lastKnownFileType = file.storyboard; name = Base; path = Base.lproj/LaunchScreen.storyboard; sourceTree = "<group>"; };
		154A18B71FE741C700F8A365 /* Info.plist */ = {isa = PBXFileReference; lastKnownFileType = text.plist.xml; path = Info.plist; sourceTree = "<group>"; };
		154A18BC1FE741C800F8A365 /* truckAppTests.xctest */ = {isa = PBXFileReference; explicitFileType = wrapper.cfbundle; includeInIndex = 0; path = truckAppTests.xctest; sourceTree = BUILT_PRODUCTS_DIR; };
		154A18C01FE741C800F8A365 /* truckAppTests.swift */ = {isa = PBXFileReference; lastKnownFileType = sourcecode.swift; path = truckAppTests.swift; sourceTree = "<group>"; };
		154A18C21FE741C800F8A365 /* Info.plist */ = {isa = PBXFileReference; lastKnownFileType = text.plist.xml; path = Info.plist; sourceTree = "<group>"; };
		154A18C71FE741C800F8A365 /* truckAppUITests.xctest */ = {isa = PBXFileReference; explicitFileType = wrapper.cfbundle; includeInIndex = 0; path = truckAppUITests.xctest; sourceTree = BUILT_PRODUCTS_DIR; };
		154A18CB1FE741C800F8A365 /* truckAppUITests.swift */ = {isa = PBXFileReference; lastKnownFileType = sourcecode.swift; path = truckAppUITests.swift; sourceTree = "<group>"; };
		154A18CD1FE741C800F8A365 /* Info.plist */ = {isa = PBXFileReference; lastKnownFileType = text.plist.xml; path = Info.plist; sourceTree = "<group>"; };
		154A18D91FE7540600F8A365 /* Truck.swift */ = {isa = PBXFileReference; lastKnownFileType = sourcecode.swift; path = Truck.swift; sourceTree = "<group>"; };
		154A18DB1FE7540C00F8A365 /* User.swift */ = {isa = PBXFileReference; lastKnownFileType = sourcecode.swift; path = User.swift; sourceTree = "<group>"; };
		154A18DD1FE75B7800F8A365 /* loginViewController.swift */ = {isa = PBXFileReference; lastKnownFileType = sourcecode.swift; path = loginViewController.swift; sourceTree = "<group>"; };
		154A4DBE1FF30F4000CAD649 /* menu-truckMenuTableViewController.swift */ = {isa = PBXFileReference; lastKnownFileType = sourcecode.swift; path = "menu-truckMenuTableViewController.swift"; sourceTree = "<group>"; };
		154A4DC21FF3225F00CAD649 /* activity-activityViewController.swift */ = {isa = PBXFileReference; lastKnownFileType = sourcecode.swift; path = "activity-activityViewController.swift"; sourceTree = "<group>"; };
		154A4DC41FF33BC300CAD649 /* activity-timeCell.swift */ = {isa = PBXFileReference; lastKnownFileType = sourcecode.swift; path = "activity-timeCell.swift"; sourceTree = "<group>"; };
		154A4DC61FF3417200CAD649 /* activity-setClosingViewController.swift */ = {isa = PBXFileReference; lastKnownFileType = sourcecode.swift; path = "activity-setClosingViewController.swift"; sourceTree = "<group>"; };
		154A4DC81FF4374900CAD649 /* search-mainViewController.swift */ = {isa = PBXFileReference; lastKnownFileType = sourcecode.swift; path = "search-mainViewController.swift"; sourceTree = "<group>"; };
		157DACA01FEF17F00021312B /* menu-addItemViewController.swift */ = {isa = PBXFileReference; fileEncoding = 4; lastKnownFileType = sourcecode.swift; path = "menu-addItemViewController.swift"; sourceTree = "<group>"; };
		157DACE11FF02F330021312B /* Constants.swift */ = {isa = PBXFileReference; lastKnownFileType = sourcecode.swift; path = Constants.swift; sourceTree = "<group>"; };
		1586907B1FE9CC87008E6686 /* Settings.bundle */ = {isa = PBXFileReference; lastKnownFileType = "wrapper.plug-in"; path = Settings.bundle; sourceTree = "<group>"; };
		1586907F1FE9F2E0008E6686 /* facebook-icon-round.png */ = {isa = PBXFileReference; lastKnownFileType = image.png; path = "facebook-icon-round.png"; sourceTree = "<group>"; };
		158690801FE9F2E1008E6686 /* insta-icon-round.png */ = {isa = PBXFileReference; lastKnownFileType = image.png; path = "insta-icon-round.png"; sourceTree = "<group>"; };
		158690811FE9F2E1008E6686 /* twitter-icon-round.png */ = {isa = PBXFileReference; lastKnownFileType = image.png; path = "twitter-icon-round.png"; sourceTree = "<group>"; };
		158690851FE9F593008E6686 /* truckSettingsTableViewController.swift */ = {isa = PBXFileReference; lastKnownFileType = sourcecode.swift; path = truckSettingsTableViewController.swift; sourceTree = "<group>"; };
		158690871FEA038F008E6686 /* settings-truckNameViewController.swift */ = {isa = PBXFileReference; lastKnownFileType = sourcecode.swift; path = "settings-truckNameViewController.swift"; sourceTree = "<group>"; };
		1589AFA61FED81BA00BF74D4 /* settings.png */ = {isa = PBXFileReference; lastKnownFileType = image.png; path = settings.png; sourceTree = "<group>"; };
		1589AFA71FED81BA00BF74D4 /* settings@2x.png */ = {isa = PBXFileReference; lastKnownFileType = image.png; path = "settings@2x.png"; sourceTree = "<group>"; };
		1589AFA81FED81BA00BF74D4 /* settings@3x.png */ = {isa = PBXFileReference; lastKnownFileType = image.png; path = "settings@3x.png"; sourceTree = "<group>"; };
		1589AFAA1FED81BA00BF74D4 /* serving@2x.png */ = {isa = PBXFileReference; lastKnownFileType = image.png; path = "serving@2x.png"; sourceTree = "<group>"; };
		1589AFAB1FED81BA00BF74D4 /* serving@3x.png */ = {isa = PBXFileReference; lastKnownFileType = image.png; path = "serving@3x.png"; sourceTree = "<group>"; };
		1589AFAC1FED81BA00BF74D4 /* serving.png */ = {isa = PBXFileReference; lastKnownFileType = image.png; path = serving.png; sourceTree = "<group>"; };
		1589AFAE1FED81BB00BF74D4 /* menu.png */ = {isa = PBXFileReference; lastKnownFileType = image.png; path = menu.png; sourceTree = "<group>"; };
		1589AFAF1FED81BB00BF74D4 /* menu@2x.png */ = {isa = PBXFileReference; lastKnownFileType = image.png; path = "menu@2x.png"; sourceTree = "<group>"; };
		1589AFB01FED81BB00BF74D4 /* menu@3x.png */ = {isa = PBXFileReference; lastKnownFileType = image.png; path = "menu@3x.png"; sourceTree = "<group>"; };
		1589AFBA1FEE172E00BF74D4 /* settings-truckWebsiteViewController.swift */ = {isa = PBXFileReference; lastKnownFileType = sourcecode.swift; path = "settings-truckWebsiteViewController.swift"; sourceTree = "<group>"; };
		1589AFBC1FEE174200BF74D4 /* settings-truckPhoneViewController.swift */ = {isa = PBXFileReference; lastKnownFileType = sourcecode.swift; path = "settings-truckPhoneViewController.swift"; sourceTree = "<group>"; };
		1589AFBE1FEE175000BF74D4 /* settings-truckEmailViewController.swift */ = {isa = PBXFileReference; lastKnownFileType = sourcecode.swift; path = "settings-truckEmailViewController.swift"; sourceTree = "<group>"; };
		1589AFC01FEE177900BF74D4 /* settings-truckDescriptionViewController.swift */ = {isa = PBXFileReference; lastKnownFileType = sourcecode.swift; path = "settings-truckDescriptionViewController.swift"; sourceTree = "<group>"; };
		15AD40981FE76ED300A9C78A /* truckLoginPartOne.swift */ = {isa = PBXFileReference; lastKnownFileType = sourcecode.swift; path = truckLoginPartOne.swift; sourceTree = "<group>"; };
		15AD409A1FE7714300A9C78A /* Utils.swift */ = {isa = PBXFileReference; lastKnownFileType = sourcecode.swift; path = Utils.swift; sourceTree = "<group>"; };
		15BA02741FF99D4D00FC88CF /* LocationService.swift */ = {isa = PBXFileReference; lastKnownFileType = sourcecode.swift; name = LocationService.swift; path = /Users/JoeSloan/Documents/Truckstop/Development/truckApp/LocationService.swift; sourceTree = "<absolute>"; };
		2A568008C383C15CB21BE673 /* Pods-truckApp.debug.xcconfig */ = {isa = PBXFileReference; includeInIndex = 1; lastKnownFileType = text.xcconfig; name = "Pods-truckApp.debug.xcconfig"; path = "Pods/Target Support Files/Pods-truckApp/Pods-truckApp.debug.xcconfig"; sourceTree = "<group>"; };
		B2448EAC142ED71D1BCADBE0 /* Pods-truckApp.release.xcconfig */ = {isa = PBXFileReference; includeInIndex = 1; lastKnownFileType = text.xcconfig; name = "Pods-truckApp.release.xcconfig"; path = "Pods/Target Support Files/Pods-truckApp/Pods-truckApp.release.xcconfig"; sourceTree = "<group>"; };
		BAED0E13C6CE598CC34CED9F /* Pods_truckApp.framework */ = {isa = PBXFileReference; explicitFileType = wrapper.framework; includeInIndex = 0; path = Pods_truckApp.framework; sourceTree = BUILT_PRODUCTS_DIR; };
/* End PBXFileReference section */

/* Begin PBXFrameworksBuildPhase section */
		154A18A21FE741C700F8A365 /* Frameworks */ = {
			isa = PBXFrameworksBuildPhase;
			buildActionMask = 2147483647;
			files = (
				47F8E197277127A764161EEC /* Pods_truckApp.framework in Frameworks */,
			);
			runOnlyForDeploymentPostprocessing = 0;
		};
		154A18B91FE741C800F8A365 /* Frameworks */ = {
			isa = PBXFrameworksBuildPhase;
			buildActionMask = 2147483647;
			files = (
			);
			runOnlyForDeploymentPostprocessing = 0;
		};
		154A18C41FE741C800F8A365 /* Frameworks */ = {
			isa = PBXFrameworksBuildPhase;
			buildActionMask = 2147483647;
			files = (
			);
			runOnlyForDeploymentPostprocessing = 0;
		};
/* End PBXFrameworksBuildPhase section */

/* Begin PBXGroup section */
		154A189C1FE741C700F8A365 = {
			isa = PBXGroup;
			children = (
				154A18A71FE741C700F8A365 /* truckApp */,
				154A18BF1FE741C800F8A365 /* truckAppTests */,
				154A18CA1FE741C800F8A365 /* truckAppUITests */,
				154A18A61FE741C700F8A365 /* Products */,
				2801E5CFEBCAAA478D59B477 /* Pods */,
				FB38AE57FC6E76A606512859 /* Frameworks */,
			);
			sourceTree = "<group>";
		};
		154A18A61FE741C700F8A365 /* Products */ = {
			isa = PBXGroup;
			children = (
				154A18A51FE741C700F8A365 /* truckApp.app */,
				154A18BC1FE741C800F8A365 /* truckAppTests.xctest */,
				154A18C71FE741C800F8A365 /* truckAppUITests.xctest */,
			);
			name = Products;
			sourceTree = "<group>";
		};
		154A18A71FE741C700F8A365 /* truckApp */ = {
			isa = PBXGroup;
			children = (
				154A18AC1FE741C700F8A365 /* Main.storyboard */,
				154A18AF1FE741C700F8A365 /* truckApp.xcdatamodeld */,
				15BA02741FF99D4D00FC88CF /* LocationService.swift */,
				154A18A81FE741C700F8A365 /* AppDelegate.swift */,
				157DACE11FF02F330021312B /* Constants.swift */,
				154A4DC41FF33BC300CAD649 /* activity-timeCell.swift */,
				154A4DC61FF3417200CAD649 /* activity-setClosingViewController.swift */,
				154A4DC21FF3225F00CAD649 /* activity-activityViewController.swift */,
				154A18DD1FE75B7800F8A365 /* loginViewController.swift */,
				157DACA01FEF17F00021312B /* menu-addItemViewController.swift */,
				154A4DBE1FF30F4000CAD649 /* menu-truckMenuTableViewController.swift */,
				154A18AA1FE741C700F8A365 /* nearbyTrucksViewController.swift */,
				154A4DC81FF4374900CAD649 /* search-mainViewController.swift */,
				158690871FEA038F008E6686 /* settings-truckNameViewController.swift */,
				1589AFC01FEE177900BF74D4 /* settings-truckDescriptionViewController.swift */,
				1589AFBE1FEE175000BF74D4 /* settings-truckEmailViewController.swift */,
				1589AFBC1FEE174200BF74D4 /* settings-truckPhoneViewController.swift */,
				1589AFBA1FEE172E00BF74D4 /* settings-truckWebsiteViewController.swift */,
				15AD40981FE76ED300A9C78A /* truckLoginPartOne.swift */,
				158690851FE9F593008E6686 /* truckSettingsTableViewController.swift */,
				154A18D91FE7540600F8A365 /* Truck.swift */,
				154A18DB1FE7540C00F8A365 /* User.swift */,
				15AD409A1FE7714300A9C78A /* Utils.swift */,
				154A18B21FE741C700F8A365 /* Assets.xcassets */,
				1586907B1FE9CC87008E6686 /* Settings.bundle */,
				154A18B41FE741C700F8A365 /* LaunchScreen.storyboard */,
				154A18B71FE741C700F8A365 /* Info.plist */,
				1586907F1FE9F2E0008E6686 /* facebook-icon-round.png */,
				158690801FE9F2E1008E6686 /* insta-icon-round.png */,
				158690811FE9F2E1008E6686 /* twitter-icon-round.png */,
				1589AFA91FED81BA00BF74D4 /* icoCart */,
				1589AFAD1FED81BB00BF74D4 /* icoMenu */,
				1589AFA51FED81BA00BF74D4 /* icoSettings */,
			);
			path = truckApp;
			sourceTree = "<group>";
		};
		154A18BF1FE741C800F8A365 /* truckAppTests */ = {
			isa = PBXGroup;
			children = (
				154A18C01FE741C800F8A365 /* truckAppTests.swift */,
				154A18C21FE741C800F8A365 /* Info.plist */,
			);
			path = truckAppTests;
			sourceTree = "<group>";
		};
		154A18CA1FE741C800F8A365 /* truckAppUITests */ = {
			isa = PBXGroup;
			children = (
				154A18CB1FE741C800F8A365 /* truckAppUITests.swift */,
				154A18CD1FE741C800F8A365 /* Info.plist */,
			);
			path = truckAppUITests;
			sourceTree = "<group>";
		};
		1589AFA51FED81BA00BF74D4 /* icoSettings */ = {
			isa = PBXGroup;
			children = (
				1589AFA61FED81BA00BF74D4 /* settings.png */,
				1589AFA71FED81BA00BF74D4 /* settings@2x.png */,
				1589AFA81FED81BA00BF74D4 /* settings@3x.png */,
			);
			path = icoSettings;
			sourceTree = "<group>";
		};
		1589AFA91FED81BA00BF74D4 /* icoCart */ = {
			isa = PBXGroup;
			children = (
				1589AFAA1FED81BA00BF74D4 /* serving@2x.png */,
				1589AFAB1FED81BA00BF74D4 /* serving@3x.png */,
				1589AFAC1FED81BA00BF74D4 /* serving.png */,
			);
			path = icoCart;
			sourceTree = "<group>";
		};
		1589AFAD1FED81BB00BF74D4 /* icoMenu */ = {
			isa = PBXGroup;
			children = (
				1589AFAE1FED81BB00BF74D4 /* menu.png */,
				1589AFAF1FED81BB00BF74D4 /* menu@2x.png */,
				1589AFB01FED81BB00BF74D4 /* menu@3x.png */,
			);
			path = icoMenu;
			sourceTree = "<group>";
		};
		2801E5CFEBCAAA478D59B477 /* Pods */ = {
			isa = PBXGroup;
			children = (
				2A568008C383C15CB21BE673 /* Pods-truckApp.debug.xcconfig */,
				B2448EAC142ED71D1BCADBE0 /* Pods-truckApp.release.xcconfig */,
			);
			name = Pods;
			sourceTree = "<group>";
		};
		FB38AE57FC6E76A606512859 /* Frameworks */ = {
			isa = PBXGroup;
			children = (
				BAED0E13C6CE598CC34CED9F /* Pods_truckApp.framework */,
			);
			name = Frameworks;
			sourceTree = "<group>";
		};
/* End PBXGroup section */

/* Begin PBXNativeTarget section */
		154A18A41FE741C700F8A365 /* truckApp */ = {
			isa = PBXNativeTarget;
			buildConfigurationList = 154A18D01FE741C800F8A365 /* Build configuration list for PBXNativeTarget "truckApp" */;
			buildPhases = (
				D4D1E423F84D2CC17942A34F /* [CP] Check Pods Manifest.lock */,
				154A18A11FE741C700F8A365 /* Sources */,
				154A18A21FE741C700F8A365 /* Frameworks */,
				154A18A31FE741C700F8A365 /* Resources */,
				E454806F507561CD2FAE3626 /* [CP] Embed Pods Frameworks */,
				4D1A1DED1CFE6B60A27598D7 /* [CP] Copy Pods Resources */,
			);
			buildRules = (
			);
			dependencies = (
			);
			name = truckApp;
			productName = truckApp;
			productReference = 154A18A51FE741C700F8A365 /* truckApp.app */;
			productType = "com.apple.product-type.application";
		};
		154A18BB1FE741C800F8A365 /* truckAppTests */ = {
			isa = PBXNativeTarget;
			buildConfigurationList = 154A18D31FE741C800F8A365 /* Build configuration list for PBXNativeTarget "truckAppTests" */;
			buildPhases = (
				154A18B81FE741C800F8A365 /* Sources */,
				154A18B91FE741C800F8A365 /* Frameworks */,
				154A18BA1FE741C800F8A365 /* Resources */,
			);
			buildRules = (
			);
			dependencies = (
				154A18BE1FE741C800F8A365 /* PBXTargetDependency */,
			);
			name = truckAppTests;
			productName = truckAppTests;
			productReference = 154A18BC1FE741C800F8A365 /* truckAppTests.xctest */;
			productType = "com.apple.product-type.bundle.unit-test";
		};
		154A18C61FE741C800F8A365 /* truckAppUITests */ = {
			isa = PBXNativeTarget;
			buildConfigurationList = 154A18D61FE741C800F8A365 /* Build configuration list for PBXNativeTarget "truckAppUITests" */;
			buildPhases = (
				154A18C31FE741C800F8A365 /* Sources */,
				154A18C41FE741C800F8A365 /* Frameworks */,
				154A18C51FE741C800F8A365 /* Resources */,
			);
			buildRules = (
			);
			dependencies = (
				154A18C91FE741C800F8A365 /* PBXTargetDependency */,
			);
			name = truckAppUITests;
			productName = truckAppUITests;
			productReference = 154A18C71FE741C800F8A365 /* truckAppUITests.xctest */;
			productType = "com.apple.product-type.bundle.ui-testing";
		};
/* End PBXNativeTarget section */

/* Begin PBXProject section */
		154A189D1FE741C700F8A365 /* Project object */ = {
			isa = PBXProject;
			attributes = {
				LastSwiftUpdateCheck = 0920;
				LastUpgradeCheck = 0920;
				ORGANIZATIONNAME = "Joe Sloan";
				TargetAttributes = {
					154A18A41FE741C700F8A365 = {
						CreatedOnToolsVersion = 9.2;
						ProvisioningStyle = Automatic;
					};
					154A18BB1FE741C800F8A365 = {
						CreatedOnToolsVersion = 9.2;
						ProvisioningStyle = Automatic;
						TestTargetID = 154A18A41FE741C700F8A365;
					};
					154A18C61FE741C800F8A365 = {
						CreatedOnToolsVersion = 9.2;
						ProvisioningStyle = Automatic;
						TestTargetID = 154A18A41FE741C700F8A365;
					};
				};
			};
			buildConfigurationList = 154A18A01FE741C700F8A365 /* Build configuration list for PBXProject "truckApp" */;
			compatibilityVersion = "Xcode 8.0";
			developmentRegion = en;
			hasScannedForEncodings = 0;
			knownRegions = (
				en,
				Base,
			);
			mainGroup = 154A189C1FE741C700F8A365;
			productRefGroup = 154A18A61FE741C700F8A365 /* Products */;
			projectDirPath = "";
			projectRoot = "";
			targets = (
				154A18A41FE741C700F8A365 /* truckApp */,
				154A18BB1FE741C800F8A365 /* truckAppTests */,
				154A18C61FE741C800F8A365 /* truckAppUITests */,
			);
		};
/* End PBXProject section */

/* Begin PBXResourcesBuildPhase section */
		154A18A31FE741C700F8A365 /* Resources */ = {
			isa = PBXResourcesBuildPhase;
			buildActionMask = 2147483647;
			files = (
				1589AFB11FED81BB00BF74D4 /* settings.png in Resources */,
				1589AFB21FED81BB00BF74D4 /* settings@2x.png in Resources */,
				1589AFB51FED81BB00BF74D4 /* serving@3x.png in Resources */,
				158690831FE9F2E1008E6686 /* insta-icon-round.png in Resources */,
				1589AFB71FED81BB00BF74D4 /* menu.png in Resources */,
				1586907C1FE9CC87008E6686 /* Settings.bundle in Resources */,
				158690821FE9F2E1008E6686 /* facebook-icon-round.png in Resources */,
				1589AFB81FED81BB00BF74D4 /* menu@2x.png in Resources */,
				154A18B61FE741C700F8A365 /* LaunchScreen.storyboard in Resources */,
				1589AFB41FED81BB00BF74D4 /* serving@2x.png in Resources */,
				154A18B31FE741C700F8A365 /* Assets.xcassets in Resources */,
				1589AFB61FED81BB00BF74D4 /* serving.png in Resources */,
				154A18AE1FE741C700F8A365 /* Main.storyboard in Resources */,
				1589AFB31FED81BB00BF74D4 /* settings@3x.png in Resources */,
				1589AFB91FED81BB00BF74D4 /* menu@3x.png in Resources */,
				158690841FE9F2E1008E6686 /* twitter-icon-round.png in Resources */,
			);
			runOnlyForDeploymentPostprocessing = 0;
		};
		154A18BA1FE741C800F8A365 /* Resources */ = {
			isa = PBXResourcesBuildPhase;
			buildActionMask = 2147483647;
			files = (
			);
			runOnlyForDeploymentPostprocessing = 0;
		};
		154A18C51FE741C800F8A365 /* Resources */ = {
			isa = PBXResourcesBuildPhase;
			buildActionMask = 2147483647;
			files = (
			);
			runOnlyForDeploymentPostprocessing = 0;
		};
/* End PBXResourcesBuildPhase section */

/* Begin PBXShellScriptBuildPhase section */
		4D1A1DED1CFE6B60A27598D7 /* [CP] Copy Pods Resources */ = {
			isa = PBXShellScriptBuildPhase;
			buildActionMask = 2147483647;
			files = (
			);
			inputPaths = (
			);
			name = "[CP] Copy Pods Resources";
			outputPaths = (
			);
			runOnlyForDeploymentPostprocessing = 0;
			shellPath = /bin/sh;
			shellScript = "\"${SRCROOT}/Pods/Target Support Files/Pods-truckApp/Pods-truckApp-resources.sh\"\n";
			showEnvVarsInLog = 0;
		};
		D4D1E423F84D2CC17942A34F /* [CP] Check Pods Manifest.lock */ = {
			isa = PBXShellScriptBuildPhase;
			buildActionMask = 2147483647;
			files = (
			);
			inputPaths = (
				"${PODS_PODFILE_DIR_PATH}/Podfile.lock",
				"${PODS_ROOT}/Manifest.lock",
			);
			name = "[CP] Check Pods Manifest.lock";
			outputPaths = (
				"$(DERIVED_FILE_DIR)/Pods-truckApp-checkManifestLockResult.txt",
			);
			runOnlyForDeploymentPostprocessing = 0;
			shellPath = /bin/sh;
			shellScript = "diff \"${PODS_PODFILE_DIR_PATH}/Podfile.lock\" \"${PODS_ROOT}/Manifest.lock\" > /dev/null\nif [ $? != 0 ] ; then\n    # print error to STDERR\n    echo \"error: The sandbox is not in sync with the Podfile.lock. Run 'pod install' or update your CocoaPods installation.\" >&2\n    exit 1\nfi\n# This output is used by Xcode 'outputs' to avoid re-running this script phase.\necho \"SUCCESS\" > \"${SCRIPT_OUTPUT_FILE_0}\"\n";
			showEnvVarsInLog = 0;
		};
		E454806F507561CD2FAE3626 /* [CP] Embed Pods Frameworks */ = {
			isa = PBXShellScriptBuildPhase;
			buildActionMask = 2147483647;
			files = (
			);
			inputPaths = (
				"${SRCROOT}/Pods/Target Support Files/Pods-truckApp/Pods-truckApp-frameworks.sh",
				"${BUILT_PRODUCTS_DIR}/Bolts/Bolts.framework",
				"${BUILT_PRODUCTS_DIR}/Parse/Parse.framework",
			);
			name = "[CP] Embed Pods Frameworks";
			outputPaths = (
				"${TARGET_BUILD_DIR}/${FRAMEWORKS_FOLDER_PATH}/Bolts.framework",
				"${TARGET_BUILD_DIR}/${FRAMEWORKS_FOLDER_PATH}/Parse.framework",
			);
			runOnlyForDeploymentPostprocessing = 0;
			shellPath = /bin/sh;
			shellScript = "\"${SRCROOT}/Pods/Target Support Files/Pods-truckApp/Pods-truckApp-frameworks.sh\"\n";
			showEnvVarsInLog = 0;
		};
/* End PBXShellScriptBuildPhase section */

/* Begin PBXSourcesBuildPhase section */
		154A18A11FE741C700F8A365 /* Sources */ = {
			isa = PBXSourcesBuildPhase;
			buildActionMask = 2147483647;
			files = (
				1589AFBF1FEE175000BF74D4 /* settings-truckEmailViewController.swift in Sources */,
				154A18AB1FE741C700F8A365 /* nearbyTrucksViewController.swift in Sources */,
				154A4DC71FF3417200CAD649 /* activity-setClosingViewController.swift in Sources */,
				157DACA11FEF17F00021312B /* menu-addItemViewController.swift in Sources */,
				154A18A91FE741C700F8A365 /* AppDelegate.swift in Sources */,
				154A18DE1FE75B7800F8A365 /* loginViewController.swift in Sources */,
				154A18B11FE741C700F8A365 /* truckApp.xcdatamodeld in Sources */,
				154A4DC51FF33BC300CAD649 /* activity-timeCell.swift in Sources */,
				158690881FEA038F008E6686 /* settings-truckNameViewController.swift in Sources */,
				154A4DC91FF4374900CAD649 /* search-mainViewController.swift in Sources */,
				157DACE21FF02F330021312B /* Constants.swift in Sources */,
				154A4DC31FF3225F00CAD649 /* activity-activityViewController.swift in Sources */,
				1589AFC11FEE177900BF74D4 /* settings-truckDescriptionViewController.swift in Sources */,
				154A4DBF1FF30F4000CAD649 /* menu-truckMenuTableViewController.swift in Sources */,
				15BA02751FF99D4D00FC88CF /* LocationService.swift in Sources */,
				154A18DC1FE7540C00F8A365 /* User.swift in Sources */,
				15AD40991FE76ED300A9C78A /* truckLoginPartOne.swift in Sources */,
				158690861FE9F593008E6686 /* truckSettingsTableViewController.swift in Sources */,
				154A18DA1FE7540600F8A365 /* Truck.swift in Sources */,
				1589AFBB1FEE172E00BF74D4 /* settings-truckWebsiteViewController.swift in Sources */,
				1589AFBD1FEE174200BF74D4 /* settings-truckPhoneViewController.swift in Sources */,
				15AD409B1FE7714300A9C78A /* Utils.swift in Sources */,
			);
			runOnlyForDeploymentPostprocessing = 0;
		};
		154A18B81FE741C800F8A365 /* Sources */ = {
			isa = PBXSourcesBuildPhase;
			buildActionMask = 2147483647;
			files = (
				154A18C11FE741C800F8A365 /* truckAppTests.swift in Sources */,
			);
			runOnlyForDeploymentPostprocessing = 0;
		};
		154A18C31FE741C800F8A365 /* Sources */ = {
			isa = PBXSourcesBuildPhase;
			buildActionMask = 2147483647;
			files = (
				154A18CC1FE741C800F8A365 /* truckAppUITests.swift in Sources */,
			);
			runOnlyForDeploymentPostprocessing = 0;
		};
/* End PBXSourcesBuildPhase section */

/* Begin PBXTargetDependency section */
		154A18BE1FE741C800F8A365 /* PBXTargetDependency */ = {
			isa = PBXTargetDependency;
			target = 154A18A41FE741C700F8A365 /* truckApp */;
			targetProxy = 154A18BD1FE741C800F8A365 /* PBXContainerItemProxy */;
		};
		154A18C91FE741C800F8A365 /* PBXTargetDependency */ = {
			isa = PBXTargetDependency;
			target = 154A18A41FE741C700F8A365 /* truckApp */;
			targetProxy = 154A18C81FE741C800F8A365 /* PBXContainerItemProxy */;
		};
/* End PBXTargetDependency section */

/* Begin PBXVariantGroup section */
		154A18AC1FE741C700F8A365 /* Main.storyboard */ = {
			isa = PBXVariantGroup;
			children = (
				154A18AD1FE741C700F8A365 /* Base */,
			);
			name = Main.storyboard;
			sourceTree = "<group>";
		};
		154A18B41FE741C700F8A365 /* LaunchScreen.storyboard */ = {
			isa = PBXVariantGroup;
			children = (
				154A18B51FE741C700F8A365 /* Base */,
			);
			name = LaunchScreen.storyboard;
			sourceTree = "<group>";
		};
/* End PBXVariantGroup section */

/* Begin XCBuildConfiguration section */
		154A18CE1FE741C800F8A365 /* Debug */ = {
			isa = XCBuildConfiguration;
			buildSettings = {
				ALWAYS_SEARCH_USER_PATHS = NO;
				CLANG_ANALYZER_NONNULL = YES;
				CLANG_ANALYZER_NUMBER_OBJECT_CONVERSION = YES_AGGRESSIVE;
				CLANG_CXX_LANGUAGE_STANDARD = "gnu++14";
				CLANG_CXX_LIBRARY = "libc++";
				CLANG_ENABLE_MODULES = YES;
				CLANG_ENABLE_OBJC_ARC = YES;
				CLANG_WARN_BLOCK_CAPTURE_AUTORELEASING = YES;
				CLANG_WARN_BOOL_CONVERSION = YES;
				CLANG_WARN_COMMA = YES;
				CLANG_WARN_CONSTANT_CONVERSION = YES;
				CLANG_WARN_DIRECT_OBJC_ISA_USAGE = YES_ERROR;
				CLANG_WARN_DOCUMENTATION_COMMENTS = YES;
				CLANG_WARN_EMPTY_BODY = YES;
				CLANG_WARN_ENUM_CONVERSION = YES;
				CLANG_WARN_INFINITE_RECURSION = YES;
				CLANG_WARN_INT_CONVERSION = YES;
				CLANG_WARN_NON_LITERAL_NULL_CONVERSION = YES;
				CLANG_WARN_OBJC_LITERAL_CONVERSION = YES;
				CLANG_WARN_OBJC_ROOT_CLASS = YES_ERROR;
				CLANG_WARN_RANGE_LOOP_ANALYSIS = YES;
				CLANG_WARN_STRICT_PROTOTYPES = YES;
				CLANG_WARN_SUSPICIOUS_MOVE = YES;
				CLANG_WARN_UNGUARDED_AVAILABILITY = YES_AGGRESSIVE;
				CLANG_WARN_UNREACHABLE_CODE = YES;
				CLANG_WARN__DUPLICATE_METHOD_MATCH = YES;
				CODE_SIGN_IDENTITY = "iPhone Developer";
				COPY_PHASE_STRIP = NO;
				DEBUG_INFORMATION_FORMAT = dwarf;
				ENABLE_STRICT_OBJC_MSGSEND = YES;
				ENABLE_TESTABILITY = YES;
				GCC_C_LANGUAGE_STANDARD = gnu11;
				GCC_DYNAMIC_NO_PIC = NO;
				GCC_NO_COMMON_BLOCKS = YES;
				GCC_OPTIMIZATION_LEVEL = 0;
				GCC_PREPROCESSOR_DEFINITIONS = (
					"DEBUG=1",
					"$(inherited)",
				);
				GCC_WARN_64_TO_32_BIT_CONVERSION = YES;
				GCC_WARN_ABOUT_RETURN_TYPE = YES_ERROR;
				GCC_WARN_UNDECLARED_SELECTOR = YES;
				GCC_WARN_UNINITIALIZED_AUTOS = YES_AGGRESSIVE;
				GCC_WARN_UNUSED_FUNCTION = YES;
				GCC_WARN_UNUSED_VARIABLE = YES;
				IPHONEOS_DEPLOYMENT_TARGET = 11.2;
				MTL_ENABLE_DEBUG_INFO = YES;
				ONLY_ACTIVE_ARCH = YES;
				SDKROOT = iphoneos;
				SWIFT_ACTIVE_COMPILATION_CONDITIONS = DEBUG;
				SWIFT_OPTIMIZATION_LEVEL = "-Onone";
			};
			name = Debug;
		};
		154A18CF1FE741C800F8A365 /* Release */ = {
			isa = XCBuildConfiguration;
			buildSettings = {
				ALWAYS_SEARCH_USER_PATHS = NO;
				CLANG_ANALYZER_NONNULL = YES;
				CLANG_ANALYZER_NUMBER_OBJECT_CONVERSION = YES_AGGRESSIVE;
				CLANG_CXX_LANGUAGE_STANDARD = "gnu++14";
				CLANG_CXX_LIBRARY = "libc++";
				CLANG_ENABLE_MODULES = YES;
				CLANG_ENABLE_OBJC_ARC = YES;
				CLANG_WARN_BLOCK_CAPTURE_AUTORELEASING = YES;
				CLANG_WARN_BOOL_CONVERSION = YES;
				CLANG_WARN_COMMA = YES;
				CLANG_WARN_CONSTANT_CONVERSION = YES;
				CLANG_WARN_DIRECT_OBJC_ISA_USAGE = YES_ERROR;
				CLANG_WARN_DOCUMENTATION_COMMENTS = YES;
				CLANG_WARN_EMPTY_BODY = YES;
				CLANG_WARN_ENUM_CONVERSION = YES;
				CLANG_WARN_INFINITE_RECURSION = YES;
				CLANG_WARN_INT_CONVERSION = YES;
				CLANG_WARN_NON_LITERAL_NULL_CONVERSION = YES;
				CLANG_WARN_OBJC_LITERAL_CONVERSION = YES;
				CLANG_WARN_OBJC_ROOT_CLASS = YES_ERROR;
				CLANG_WARN_RANGE_LOOP_ANALYSIS = YES;
				CLANG_WARN_STRICT_PROTOTYPES = YES;
				CLANG_WARN_SUSPICIOUS_MOVE = YES;
				CLANG_WARN_UNGUARDED_AVAILABILITY = YES_AGGRESSIVE;
				CLANG_WARN_UNREACHABLE_CODE = YES;
				CLANG_WARN__DUPLICATE_METHOD_MATCH = YES;
				CODE_SIGN_IDENTITY = "iPhone Developer";
				COPY_PHASE_STRIP = NO;
				DEBUG_INFORMATION_FORMAT = "dwarf-with-dsym";
				ENABLE_NS_ASSERTIONS = NO;
				ENABLE_STRICT_OBJC_MSGSEND = YES;
				GCC_C_LANGUAGE_STANDARD = gnu11;
				GCC_NO_COMMON_BLOCKS = YES;
				GCC_WARN_64_TO_32_BIT_CONVERSION = YES;
				GCC_WARN_ABOUT_RETURN_TYPE = YES_ERROR;
				GCC_WARN_UNDECLARED_SELECTOR = YES;
				GCC_WARN_UNINITIALIZED_AUTOS = YES_AGGRESSIVE;
				GCC_WARN_UNUSED_FUNCTION = YES;
				GCC_WARN_UNUSED_VARIABLE = YES;
				IPHONEOS_DEPLOYMENT_TARGET = 11.2;
				MTL_ENABLE_DEBUG_INFO = NO;
				SDKROOT = iphoneos;
				SWIFT_OPTIMIZATION_LEVEL = "-Owholemodule";
				VALIDATE_PRODUCT = YES;
			};
			name = Release;
		};
		154A18D11FE741C800F8A365 /* Debug */ = {
			isa = XCBuildConfiguration;
			baseConfigurationReference = 2A568008C383C15CB21BE673 /* Pods-truckApp.debug.xcconfig */;
			buildSettings = {
				ASSETCATALOG_COMPILER_APPICON_NAME = AppIcon;
				CODE_SIGN_STYLE = Automatic;
				INFOPLIST_FILE = truckApp/Info.plist;
				LD_RUNPATH_SEARCH_PATHS = "$(inherited) @executable_path/Frameworks";
				PRODUCT_BUNDLE_IDENTIFIER = com.joesloan.truckApp;
				PRODUCT_NAME = "$(TARGET_NAME)";
				SWIFT_VERSION = 4.0;
				TARGETED_DEVICE_FAMILY = "1,2";
			};
			name = Debug;
		};
		154A18D21FE741C800F8A365 /* Release */ = {
			isa = XCBuildConfiguration;
			baseConfigurationReference = B2448EAC142ED71D1BCADBE0 /* Pods-truckApp.release.xcconfig */;
			buildSettings = {
				ASSETCATALOG_COMPILER_APPICON_NAME = AppIcon;
				CODE_SIGN_STYLE = Automatic;
				INFOPLIST_FILE = truckApp/Info.plist;
				LD_RUNPATH_SEARCH_PATHS = "$(inherited) @executable_path/Frameworks";
				PRODUCT_BUNDLE_IDENTIFIER = com.joesloan.truckApp;
				PRODUCT_NAME = "$(TARGET_NAME)";
				SWIFT_VERSION = 4.0;
				TARGETED_DEVICE_FAMILY = "1,2";
			};
			name = Release;
		};
		154A18D41FE741C800F8A365 /* Debug */ = {
			isa = XCBuildConfiguration;
			buildSettings = {
				ALWAYS_EMBED_SWIFT_STANDARD_LIBRARIES = YES;
				BUNDLE_LOADER = "$(TEST_HOST)";
				CODE_SIGN_STYLE = Automatic;
				INFOPLIST_FILE = truckAppTests/Info.plist;
				LD_RUNPATH_SEARCH_PATHS = "$(inherited) @executable_path/Frameworks @loader_path/Frameworks";
				PRODUCT_BUNDLE_IDENTIFIER = com.joesloan.truckAppTests;
				PRODUCT_NAME = "$(TARGET_NAME)";
				SWIFT_VERSION = 4.0;
				TARGETED_DEVICE_FAMILY = "1,2";
				TEST_HOST = "$(BUILT_PRODUCTS_DIR)/truckApp.app/truckApp";
			};
			name = Debug;
		};
		154A18D51FE741C800F8A365 /* Release */ = {
			isa = XCBuildConfiguration;
			buildSettings = {
				ALWAYS_EMBED_SWIFT_STANDARD_LIBRARIES = YES;
				BUNDLE_LOADER = "$(TEST_HOST)";
				CODE_SIGN_STYLE = Automatic;
				INFOPLIST_FILE = truckAppTests/Info.plist;
				LD_RUNPATH_SEARCH_PATHS = "$(inherited) @executable_path/Frameworks @loader_path/Frameworks";
				PRODUCT_BUNDLE_IDENTIFIER = com.joesloan.truckAppTests;
				PRODUCT_NAME = "$(TARGET_NAME)";
				SWIFT_VERSION = 4.0;
				TARGETED_DEVICE_FAMILY = "1,2";
				TEST_HOST = "$(BUILT_PRODUCTS_DIR)/truckApp.app/truckApp";
			};
			name = Release;
		};
		154A18D71FE741C800F8A365 /* Debug */ = {
			isa = XCBuildConfiguration;
			buildSettings = {
				ALWAYS_EMBED_SWIFT_STANDARD_LIBRARIES = YES;
				CODE_SIGN_STYLE = Automatic;
				INFOPLIST_FILE = truckAppUITests/Info.plist;
				LD_RUNPATH_SEARCH_PATHS = "$(inherited) @executable_path/Frameworks @loader_path/Frameworks";
				PRODUCT_BUNDLE_IDENTIFIER = com.joesloan.truckAppUITests;
				PRODUCT_NAME = "$(TARGET_NAME)";
				SWIFT_VERSION = 4.0;
				TARGETED_DEVICE_FAMILY = "1,2";
				TEST_TARGET_NAME = truckApp;
			};
			name = Debug;
		};
		154A18D81FE741C800F8A365 /* Release */ = {
			isa = XCBuildConfiguration;
			buildSettings = {
				ALWAYS_EMBED_SWIFT_STANDARD_LIBRARIES = YES;
				CODE_SIGN_STYLE = Automatic;
				INFOPLIST_FILE = truckAppUITests/Info.plist;
				LD_RUNPATH_SEARCH_PATHS = "$(inherited) @executable_path/Frameworks @loader_path/Frameworks";
				PRODUCT_BUNDLE_IDENTIFIER = com.joesloan.truckAppUITests;
				PRODUCT_NAME = "$(TARGET_NAME)";
				SWIFT_VERSION = 4.0;
				TARGETED_DEVICE_FAMILY = "1,2";
				TEST_TARGET_NAME = truckApp;
			};
			name = Release;
		};
/* End XCBuildConfiguration section */

/* Begin XCConfigurationList section */
		154A18A01FE741C700F8A365 /* Build configuration list for PBXProject "truckApp" */ = {
			isa = XCConfigurationList;
			buildConfigurations = (
				154A18CE1FE741C800F8A365 /* Debug */,
				154A18CF1FE741C800F8A365 /* Release */,
			);
			defaultConfigurationIsVisible = 0;
			defaultConfigurationName = Release;
		};
		154A18D01FE741C800F8A365 /* Build configuration list for PBXNativeTarget "truckApp" */ = {
			isa = XCConfigurationList;
			buildConfigurations = (
				154A18D11FE741C800F8A365 /* Debug */,
				154A18D21FE741C800F8A365 /* Release */,
			);
			defaultConfigurationIsVisible = 0;
			defaultConfigurationName = Release;
		};
		154A18D31FE741C800F8A365 /* Build configuration list for PBXNativeTarget "truckAppTests" */ = {
			isa = XCConfigurationList;
			buildConfigurations = (
				154A18D41FE741C800F8A365 /* Debug */,
				154A18D51FE741C800F8A365 /* Release */,
			);
			defaultConfigurationIsVisible = 0;
			defaultConfigurationName = Release;
		};
		154A18D61FE741C800F8A365 /* Build configuration list for PBXNativeTarget "truckAppUITests" */ = {
			isa = XCConfigurationList;
			buildConfigurations = (
				154A18D71FE741C800F8A365 /* Debug */,
				154A18D81FE741C800F8A365 /* Release */,
			);
			defaultConfigurationIsVisible = 0;
			defaultConfigurationName = Release;
		};
/* End XCConfigurationList section */

/* Begin XCVersionGroup section */
		154A18AF1FE741C700F8A365 /* truckApp.xcdatamodeld */ = {
			isa = XCVersionGroup;
			children = (
				154A18B01FE741C700F8A365 /* truckApp.xcdatamodel */,
			);
			currentVersion = 154A18B01FE741C700F8A365 /* truckApp.xcdatamodel */;
			path = truckApp.xcdatamodeld;
			sourceTree = "<group>";
			versionGroupType = wrapper.xcdatamodel;
		};
/* End XCVersionGroup section */
	};
	rootObject = 154A189D1FE741C700F8A365 /* Project object */;
}
